
Microsoft Visual Studio Solution File, Format Version 12.00
# Visual Studio 15
VisualStudioVersion = 15.0.28010.2036
MinimumVisualStudioVersion = 10.0.40219.1
Project("{FAE04EC0-301F-11D3-BF4B-00C04F79EFBC}") = "GitDemonstration", "ConsoleApp1\GitDemonstration.csproj", "{73F3C93F-9209-406B-BB07-9A84BE31AD44}"
EndProject
Global
	GlobalSection(SolutionConfigurationPlatforms) = preSolution
		Debug|Any CPU = Debug|Any CPU
		Release|Any CPU = Release|Any CPU
	EndGlobalSection
	GlobalSection(ProjectConfigurationPlatforms) = postSolution
		{73F3C93F-9209-406B-BB07-9A84BE31AD44}.Debug|Any CPU.ActiveCfg = Debug|Any CPU
		{73F3C93F-9209-406B-BB07-9A84BE31AD44}.Debug|Any CPU.Build.0 = Debug|Any CPU
		{73F3C93F-9209-406B-BB07-9A84BE31AD44}.Release|Any CPU.ActiveCfg = Release|Any CPU
		{73F3C93F-9209-406B-BB07-9A84BE31AD44}.Release|Any CPU.Build.0 = Release|Any CPU
	EndGlobalSection
	GlobalSection(SolutionProperties) = preSolution
		HideSolutionNode = FALSE
	EndGlobalSection
	GlobalSection(ExtensibilityGlobals) = postSolution
		SolutionGuid = {96162C01-DA1D-420C-BB02-13D7A8B57AB1}
	EndGlobalSection
EndGlobal
